
Microsoft Visual Studio Solution File, Format Version 12.00
# Visual Studio Version 16
VisualStudioVersion = 16.0.30907.101
MinimumVisualStudioVersion = 10.0.40219.1
Project("{9A19103F-16F7-4668-BE54-9A1E7A4F7556}") = "ShipSumo", "ShipSumo\ShipSumo.csproj", "{C8711F91-55E2-4C16-B7FA-831EE422C945}"
EndProject
Project("{FAE04EC0-301F-11D3-BF4B-00C04F79EFBC}") = "BlackMatter.Model", "BlackMatter.Model\BlackMatter.Model.csproj", "{0C52018C-400E-4E1C-BB42-B0FEA49BB49D}"
EndProject
Project("{FAE04EC0-301F-11D3-BF4B-00C04F79EFBC}") = "BlackMatter.Logic", "BlackMatter.Logic\BlackMatter.Logic.csproj", "{E80205F9-CD52-4E84-AB61-81DB10E1F51A}"
EndProject
Project("{FAE04EC0-301F-11D3-BF4B-00C04F79EFBC}") = "BlackMatter.Repository", "BlackMatter.Repository\BlackMatter.Repository.csproj", "{BC87116F-F81F-4ED8-95B8-8105D921B5FD}"
EndProject
Global
	GlobalSection(SolutionConfigurationPlatforms) = preSolution
		Debug|Any CPU = Debug|Any CPU
		Release|Any CPU = Release|Any CPU
	EndGlobalSection
	GlobalSection(ProjectConfigurationPlatforms) = postSolution
		{C8711F91-55E2-4C16-B7FA-831EE422C945}.Debug|Any CPU.ActiveCfg = Debug|Any CPU
		{C8711F91-55E2-4C16-B7FA-831EE422C945}.Debug|Any CPU.Build.0 = Debug|Any CPU
		{C8711F91-55E2-4C16-B7FA-831EE422C945}.Release|Any CPU.ActiveCfg = Release|Any CPU
		{C8711F91-55E2-4C16-B7FA-831EE422C945}.Release|Any CPU.Build.0 = Release|Any CPU
		{0C52018C-400E-4E1C-BB42-B0FEA49BB49D}.Debug|Any CPU.ActiveCfg = Debug|Any CPU
		{0C52018C-400E-4E1C-BB42-B0FEA49BB49D}.Debug|Any CPU.Build.0 = Debug|Any CPU
		{0C52018C-400E-4E1C-BB42-B0FEA49BB49D}.Release|Any CPU.ActiveCfg = Release|Any CPU
		{0C52018C-400E-4E1C-BB42-B0FEA49BB49D}.Release|Any CPU.Build.0 = Release|Any CPU
		{E80205F9-CD52-4E84-AB61-81DB10E1F51A}.Debug|Any CPU.ActiveCfg = Debug|Any CPU
		{E80205F9-CD52-4E84-AB61-81DB10E1F51A}.Debug|Any CPU.Build.0 = Debug|Any CPU
		{E80205F9-CD52-4E84-AB61-81DB10E1F51A}.Release|Any CPU.ActiveCfg = Release|Any CPU
		{E80205F9-CD52-4E84-AB61-81DB10E1F51A}.Release|Any CPU.Build.0 = Release|Any CPU
		{BC87116F-F81F-4ED8-95B8-8105D921B5FD}.Debug|Any CPU.ActiveCfg = Debug|Any CPU
		{BC87116F-F81F-4ED8-95B8-8105D921B5FD}.Debug|Any CPU.Build.0 = Debug|Any CPU
		{BC87116F-F81F-4ED8-95B8-8105D921B5FD}.Release|Any CPU.ActiveCfg = Release|Any CPU
		{BC87116F-F81F-4ED8-95B8-8105D921B5FD}.Release|Any CPU.Build.0 = Release|Any CPU
	EndGlobalSection
	GlobalSection(SolutionProperties) = preSolution
		HideSolutionNode = FALSE
	EndGlobalSection
	GlobalSection(ExtensibilityGlobals) = postSolution
		SolutionGuid = {C0241009-037D-4E94-A83D-77962A085888}
	EndGlobalSection
EndGlobal
