
Microsoft Visual Studio Solution File, Format Version 12.00
# Visual Studio Version 16
VisualStudioVersion = 16.0.30907.101
MinimumVisualStudioVersion = 10.0.40219.1
Project("{FAE04EC0-301F-11D3-BF4B-00C04F79EFBC}") = "ShipSumo", "ShipSumo\ShipSumo.csproj", "{C8711F91-55E2-4C16-B7FA-831EE422C945}"
EndProject
Global
	GlobalSection(SolutionConfigurationPlatforms) = preSolution
		Debug|Any CPU = Debug|Any CPU
		Release|Any CPU = Release|Any CPU
	EndGlobalSection
	GlobalSection(ProjectConfigurationPlatforms) = postSolution
		{C8711F91-55E2-4C16-B7FA-831EE422C945}.Debug|Any CPU.ActiveCfg = Debug|Any CPU
		{C8711F91-55E2-4C16-B7FA-831EE422C945}.Debug|Any CPU.Build.0 = Debug|Any CPU
		{C8711F91-55E2-4C16-B7FA-831EE422C945}.Release|Any CPU.ActiveCfg = Release|Any CPU
		{C8711F91-55E2-4C16-B7FA-831EE422C945}.Release|Any CPU.Build.0 = Release|Any CPU
	EndGlobalSection
	GlobalSection(SolutionProperties) = preSolution
		HideSolutionNode = FALSE
	EndGlobalSection
	GlobalSection(ExtensibilityGlobals) = postSolution
		SolutionGuid = {C0241009-037D-4E94-A83D-77962A085888}
	EndGlobalSection
EndGlobal
